// !$*UTF8*$!
{
	archiveVersion = 1;
	classes = {
	};
	objectVersion = 46;
	objects = {

/* Begin PBXBuildFile section */
		B0D233E71C8541EC00DF978D /* AppDelegate.swift in Sources */ = {isa = PBXBuildFile; fileRef = B0D233E61C8541EC00DF978D /* AppDelegate.swift */; };
		B0D233E91C8541EC00DF978D /* ViewController.swift in Sources */ = {isa = PBXBuildFile; fileRef = B0D233E81C8541EC00DF978D /* ViewController.swift */; };
		B0D233EC1C8541EC00DF978D /* Main.storyboard in Resources */ = {isa = PBXBuildFile; fileRef = B0D233EA1C8541EC00DF978D /* Main.storyboard */; };
		B0D233EF1C8541EC00DF978D /* APP.xcdatamodeld in Sources */ = {isa = PBXBuildFile; fileRef = B0D233ED1C8541EC00DF978D /* APP.xcdatamodeld */; };
		B0D233F11C8541EC00DF978D /* Assets.xcassets in Resources */ = {isa = PBXBuildFile; fileRef = B0D233F01C8541EC00DF978D /* Assets.xcassets */; };
		B0D233F41C8541EC00DF978D /* LaunchScreen.storyboard in Resources */ = {isa = PBXBuildFile; fileRef = B0D233F21C8541EC00DF978D /* LaunchScreen.storyboard */; };
		B0D233FF1C8541EC00DF978D /* APPTests.swift in Sources */ = {isa = PBXBuildFile; fileRef = B0D233FE1C8541EC00DF978D /* APPTests.swift */; };
		B0D2340A1C8541EC00DF978D /* APPUITests.swift in Sources */ = {isa = PBXBuildFile; fileRef = B0D234091C8541EC00DF978D /* APPUITests.swift */; };
/* End PBXBuildFile section */

/* Begin PBXContainerItemProxy section */
		B0D233FB1C8541EC00DF978D /* PBXContainerItemProxy */ = {
			isa = PBXContainerItemProxy;
			containerPortal = B0D233DB1C8541EB00DF978D /* Project object */;
			proxyType = 1;
			remoteGlobalIDString = B0D233E21C8541EC00DF978D;
			remoteInfo = APP;
		};
		B0D234061C8541EC00DF978D /* PBXContainerItemProxy */ = {
			isa = PBXContainerItemProxy;
			containerPortal = B0D233DB1C8541EB00DF978D /* Project object */;
			proxyType = 1;
			remoteGlobalIDString = B0D233E21C8541EC00DF978D;
			remoteInfo = APP;
		};
/* End PBXContainerItemProxy section */

/* Begin PBXFileReference section */
		B0D233E31C8541EC00DF978D /* APP.app */ = {isa = PBXFileReference; explicitFileType = wrapper.application; includeInIndex = 0; path = APP.app; sourceTree = BUILT_PRODUCTS_DIR; };
		B0D233E61C8541EC00DF978D /* AppDelegate.swift */ = {isa = PBXFileReference; lastKnownFileType = sourcecode.swift; path = AppDelegate.swift; sourceTree = "<group>"; };
		B0D233E81C8541EC00DF978D /* ViewController.swift */ = {isa = PBXFileReference; lastKnownFileType = sourcecode.swift; path = ViewController.swift; sourceTree = "<group>"; };
		B0D233EB1C8541EC00DF978D /* Base */ = {isa = PBXFileReference; lastKnownFileType = file.storyboard; name = Base; path = Base.lproj/Main.storyboard; sourceTree = "<group>"; };
		B0D233EE1C8541EC00DF978D /* APP.xcdatamodel */ = {isa = PBXFileReference; lastKnownFileType = wrapper.xcdatamodel; path = APP.xcdatamodel; sourceTree = "<group>"; };
		B0D233F01C8541EC00DF978D /* Assets.xcassets */ = {isa = PBXFileReference; lastKnownFileType = folder.assetcatalog; path = Assets.xcassets; sourceTree = "<group>"; };
		B0D233F31C8541EC00DF978D /* Base */ = {isa = PBXFileReference; lastKnownFileType = file.storyboard; name = Base; path = Base.lproj/LaunchScreen.storyboard; sourceTree = "<group>"; };
		B0D233F51C8541EC00DF978D /* Info.plist */ = {isa = PBXFileReference; lastKnownFileType = text.plist.xml; path = Info.plist; sourceTree = "<group>"; };
		B0D233FA1C8541EC00DF978D /* APPTests.xctest */ = {isa = PBXFileReference; explicitFileType = wrapper.cfbundle; includeInIndex = 0; path = APPTests.xctest; sourceTree = BUILT_PRODUCTS_DIR; };
		B0D233FE1C8541EC00DF978D /* APPTests.swift */ = {isa = PBXFileReference; lastKnownFileType = sourcecode.swift; path = APPTests.swift; sourceTree = "<group>"; };
		B0D234001C8541EC00DF978D /* Info.plist */ = {isa = PBXFileReference; lastKnownFileType = text.plist.xml; path = Info.plist; sourceTree = "<group>"; };
		B0D234051C8541EC00DF978D /* APPUITests.xctest */ = {isa = PBXFileReference; explicitFileType = wrapper.cfbundle; includeInIndex = 0; path = APPUITests.xctest; sourceTree = BUILT_PRODUCTS_DIR; };
		B0D234091C8541EC00DF978D /* APPUITests.swift */ = {isa = PBXFileReference; lastKnownFileType = sourcecode.swift; path = APPUITests.swift; sourceTree = "<group>"; };
		B0D2340B1C8541EC00DF978D /* Info.plist */ = {isa = PBXFileReference; lastKnownFileType = text.plist.xml; path = Info.plist; sourceTree = "<group>"; };
/* End PBXFileReference section */

/* Begin PBXFrameworksBuildPhase section */
		B0D233E01C8541EC00DF978D /* Frameworks */ = {
			isa = PBXFrameworksBuildPhase;
			buildActionMask = 2147483647;
			files = (
			);
			runOnlyForDeploymentPostprocessing = 0;
		};
		B0D233F71C8541EC00DF978D /* Frameworks */ = {
			isa = PBXFrameworksBuildPhase;
			buildActionMask = 2147483647;
			files = (
			);
			runOnlyForDeploymentPostprocessing = 0;
		};
		B0D234021C8541EC00DF978D /* Frameworks */ = {
			isa = PBXFrameworksBuildPhase;
			buildActionMask = 2147483647;
			files = (
			);
			runOnlyForDeploymentPostprocessing = 0;
		};
/* End PBXFrameworksBuildPhase section */

/* Begin PBXGroup section */
		B0D233DA1C8541EB00DF978D = {
			isa = PBXGroup;
			children = (
				B0D233E51C8541EC00DF978D /* APP */,
				B0D233FD1C8541EC00DF978D /* APPTests */,
				B0D234081C8541EC00DF978D /* APPUITests */,
				B0D233E41C8541EC00DF978D /* Products */,
			);
			sourceTree = "<group>";
		};
		B0D233E41C8541EC00DF978D /* Products */ = {
			isa = PBXGroup;
			children = (
				B0D233E31C8541EC00DF978D /* APP.app */,
				B0D233FA1C8541EC00DF978D /* APPTests.xctest */,
				B0D234051C8541EC00DF978D /* APPUITests.xctest */,
			);
			name = Products;
			sourceTree = "<group>";
		};
		B0D233E51C8541EC00DF978D /* APP */ = {
			isa = PBXGroup;
			children = (
				B0D233E61C8541EC00DF978D /* AppDelegate.swift */,
				B0D233E81C8541EC00DF978D /* ViewController.swift */,
				B0D233EA1C8541EC00DF978D /* Main.storyboard */,
				B0D233F01C8541EC00DF978D /* Assets.xcassets */,
				B0D233F21C8541EC00DF978D /* LaunchScreen.storyboard */,
				B0D233F51C8541EC00DF978D /* Info.plist */,
				B0D233ED1C8541EC00DF978D /* APP.xcdatamodeld */,
			);
			path = APP;
			sourceTree = "<group>";
		};
		B0D233FD1C8541EC00DF978D /* APPTests */ = {
			isa = PBXGroup;
			children = (
				B0D233FE1C8541EC00DF978D /* APPTests.swift */,
				B0D234001C8541EC00DF978D /* Info.plist */,
			);
			path = APPTests;
			sourceTree = "<group>";
		};
		B0D234081C8541EC00DF978D /* APPUITests */ = {
			isa = PBXGroup;
			children = (
				B0D234091C8541EC00DF978D /* APPUITests.swift */,
				B0D2340B1C8541EC00DF978D /* Info.plist */,
			);
			path = APPUITests;
			sourceTree = "<group>";
		};
/* End PBXGroup section */

/* Begin PBXNativeTarget section */
		B0D233E21C8541EC00DF978D /* APP */ = {
			isa = PBXNativeTarget;
			buildConfigurationList = B0D2340E1C8541EC00DF978D /* Build configuration list for PBXNativeTarget "APP" */;
			buildPhases = (
				B0D233DF1C8541EC00DF978D /* Sources */,
				B0D233E01C8541EC00DF978D /* Frameworks */,
				B0D233E11C8541EC00DF978D /* Resources */,
			);
			buildRules = (
			);
			dependencies = (
			);
			name = APP;
			productName = APP;
			productReference = B0D233E31C8541EC00DF978D /* APP.app */;
			productType = "com.apple.product-type.application";
		};
		B0D233F91C8541EC00DF978D /* APPTests */ = {
			isa = PBXNativeTarget;
			buildConfigurationList = B0D234111C8541EC00DF978D /* Build configuration list for PBXNativeTarget "APPTests" */;
			buildPhases = (
				B0D233F61C8541EC00DF978D /* Sources */,
				B0D233F71C8541EC00DF978D /* Frameworks */,
				B0D233F81C8541EC00DF978D /* Resources */,
			);
			buildRules = (
			);
			dependencies = (
				B0D233FC1C8541EC00DF978D /* PBXTargetDependency */,
			);
			name = APPTests;
			productName = APPTests;
			productReference = B0D233FA1C8541EC00DF978D /* APPTests.xctest */;
			productType = "com.apple.product-type.bundle.unit-test";
		};
		B0D234041C8541EC00DF978D /* APPUITests */ = {
			isa = PBXNativeTarget;
			buildConfigurationList = B0D234141C8541EC00DF978D /* Build configuration list for PBXNativeTarget "APPUITests" */;
			buildPhases = (
				B0D234011C8541EC00DF978D /* Sources */,
				B0D234021C8541EC00DF978D /* Frameworks */,
				B0D234031C8541EC00DF978D /* Resources */,
			);
			buildRules = (
			);
			dependencies = (
				B0D234071C8541EC00DF978D /* PBXTargetDependency */,
			);
			name = APPUITests;
			productName = APPUITests;
			productReference = B0D234051C8541EC00DF978D /* APPUITests.xctest */;
			productType = "com.apple.product-type.bundle.ui-testing";
		};
/* End PBXNativeTarget section */

/* Begin PBXProject section */
		B0D233DB1C8541EB00DF978D /* Project object */ = {
			isa = PBXProject;
			attributes = {
				LastSwiftUpdateCheck = 0720;
				LastUpgradeCheck = 0720;
				ORGANIZATIONNAME = HUB;
				TargetAttributes = {
					B0D233E21C8541EC00DF978D = {
						CreatedOnToolsVersion = 7.2.1;
					};
					B0D233F91C8541EC00DF978D = {
						CreatedOnToolsVersion = 7.2.1;
						TestTargetID = B0D233E21C8541EC00DF978D;
					};
					B0D234041C8541EC00DF978D = {
						CreatedOnToolsVersion = 7.2.1;
						TestTargetID = B0D233E21C8541EC00DF978D;
					};
				};
			};
			buildConfigurationList = B0D233DE1C8541EB00DF978D /* Build configuration list for PBXProject "APP" */;
			compatibilityVersion = "Xcode 3.2";
			developmentRegion = English;
			hasScannedForEncodings = 0;
			knownRegions = (
				en,
				Base,
			);
			mainGroup = B0D233DA1C8541EB00DF978D;
			productRefGroup = B0D233E41C8541EC00DF978D /* Products */;
			projectDirPath = "";
			projectRoot = "";
			targets = (
				B0D233E21C8541EC00DF978D /* APP */,
				B0D233F91C8541EC00DF978D /* APPTests */,
				B0D234041C8541EC00DF978D /* APPUITests */,
			);
		};
/* End PBXProject section */

/* Begin PBXResourcesBuildPhase section */
		B0D233E11C8541EC00DF978D /* Resources */ = {
			isa = PBXResourcesBuildPhase;
			buildActionMask = 2147483647;
			files = (
				B0D233F41C8541EC00DF978D /* LaunchScreen.storyboard in Resources */,
				B0D233F11C8541EC00DF978D /* Assets.xcassets in Resources */,
				B0D233EC1C8541EC00DF978D /* Main.storyboard in Resources */,
			);
			runOnlyForDeploymentPostprocessing = 0;
		};
		B0D233F81C8541EC00DF978D /* Resources */ = {
			isa = PBXResourcesBuildPhase;
			buildActionMask = 2147483647;
			files = (
			);
			runOnlyForDeploymentPostprocessing = 0;
		};
		B0D234031C8541EC00DF978D /* Resources */ = {
			isa = PBXResourcesBuildPhase;
			buildActionMask = 2147483647;
			files = (
			);
			runOnlyForDeploymentPostprocessing = 0;
		};
/* End PBXResourcesBuildPhase section */

/* Begin PBXSourcesBuildPhase section */
		B0D233DF1C8541EC00DF978D /* Sources */ = {
			isa = PBXSourcesBuildPhase;
			buildActionMask = 2147483647;
			files = (
				B0D233EF1C8541EC00DF978D /* APP.xcdatamodeld in Sources */,
				B0D233E91C8541EC00DF978D /* ViewController.swift in Sources */,
				B0D233E71C8541EC00DF978D /* AppDelegate.swift in Sources */,
			);
			runOnlyForDeploymentPostprocessing = 0;
		};
		B0D233F61C8541EC00DF978D /* Sources */ = {
			isa = PBXSourcesBuildPhase;
			buildActionMask = 2147483647;
			files = (
				B0D233FF1C8541EC00DF978D /* APPTests.swift in Sources */,
			);
			runOnlyForDeploymentPostprocessing = 0;
		};
		B0D234011C8541EC00DF978D /* Sources */ = {
			isa = PBXSourcesBuildPhase;
			buildActionMask = 2147483647;
			files = (
				B0D2340A1C8541EC00DF978D /* APPUITests.swift in Sources */,
			);
			runOnlyForDeploymentPostprocessing = 0;
		};
/* End PBXSourcesBuildPhase section */

/* Begin PBXTargetDependency section */
		B0D233FC1C8541EC00DF978D /* PBXTargetDependency */ = {
			isa = PBXTargetDependency;
			target = B0D233E21C8541EC00DF978D /* APP */;
			targetProxy = B0D233FB1C8541EC00DF978D /* PBXContainerItemProxy */;
		};
		B0D234071C8541EC00DF978D /* PBXTargetDependency */ = {
			isa = PBXTargetDependency;
			target = B0D233E21C8541EC00DF978D /* APP */;
			targetProxy = B0D234061C8541EC00DF978D /* PBXContainerItemProxy */;
		};
/* End PBXTargetDependency section */

/* Begin PBXVariantGroup section */
		B0D233EA1C8541EC00DF978D /* Main.storyboard */ = {
			isa = PBXVariantGroup;
			children = (
				B0D233EB1C8541EC00DF978D /* Base */,
			);
			name = Main.storyboard;
			sourceTree = "<group>";
		};
		B0D233F21C8541EC00DF978D /* LaunchScreen.storyboard */ = {
			isa = PBXVariantGroup;
			children = (
				B0D233F31C8541EC00DF978D /* Base */,
			);
			name = LaunchScreen.storyboard;
			sourceTree = "<group>";
		};
/* End PBXVariantGroup section */

/* Begin XCBuildConfiguration section */
		B0D2340C1C8541EC00DF978D /* Debug */ = {
			isa = XCBuildConfiguration;
			buildSettings = {
				ALWAYS_SEARCH_USER_PATHS = NO;
				CLANG_CXX_LANGUAGE_STANDARD = "gnu++0x";
				CLANG_CXX_LIBRARY = "libc++";
				CLANG_ENABLE_MODULES = YES;
				CLANG_ENABLE_OBJC_ARC = YES;
				CLANG_WARN_BOOL_CONVERSION = YES;
				CLANG_WARN_CONSTANT_CONVERSION = YES;
				CLANG_WARN_DIRECT_OBJC_ISA_USAGE = YES_ERROR;
				CLANG_WARN_EMPTY_BODY = YES;
				CLANG_WARN_ENUM_CONVERSION = YES;
				CLANG_WARN_INT_CONVERSION = YES;
				CLANG_WARN_OBJC_ROOT_CLASS = YES_ERROR;
				CLANG_WARN_UNREACHABLE_CODE = YES;
				CLANG_WARN__DUPLICATE_METHOD_MATCH = YES;
				"CODE_SIGN_IDENTITY[sdk=iphoneos*]" = "iPhone Developer";
				COPY_PHASE_STRIP = NO;
				DEBUG_INFORMATION_FORMAT = dwarf;
				ENABLE_STRICT_OBJC_MSGSEND = YES;
				ENABLE_TESTABILITY = YES;
				GCC_C_LANGUAGE_STANDARD = gnu99;
				GCC_DYNAMIC_NO_PIC = NO;
				GCC_NO_COMMON_BLOCKS = YES;
				GCC_OPTIMIZATION_LEVEL = 0;
				GCC_PREPROCESSOR_DEFINITIONS = (
					"DEBUG=1",
					"$(inherited)",
				);
				GCC_WARN_64_TO_32_BIT_CONVERSION = YES;
				GCC_WARN_ABOUT_RETURN_TYPE = YES_ERROR;
				GCC_WARN_UNDECLARED_SELECTOR = YES;
				GCC_WARN_UNINITIALIZED_AUTOS = YES_AGGRESSIVE;
				GCC_WARN_UNUSED_FUNCTION = YES;
				GCC_WARN_UNUSED_VARIABLE = YES;
				IPHONEOS_DEPLOYMENT_TARGET = 9.2;
				MTL_ENABLE_DEBUG_INFO = YES;
				ONLY_ACTIVE_ARCH = YES;
				SDKROOT = iphoneos;
				SWIFT_OPTIMIZATION_LEVEL = "-Onone";
			};
			name = Debug;
		};
		B0D2340D1C8541EC00DF978D /* Release */ = {
			isa = XCBuildConfiguration;
			buildSettings = {
				ALWAYS_SEARCH_USER_PATHS = NO;
				CLANG_CXX_LANGUAGE_STANDARD = "gnu++0x";
				CLANG_CXX_LIBRARY = "libc++";
				CLANG_ENABLE_MODULES = YES;
				CLANG_ENABLE_OBJC_ARC = YES;
				CLANG_WARN_BOOL_CONVERSION = YES;
				CLANG_WARN_CONSTANT_CONVERSION = YES;
				CLANG_WARN_DIRECT_OBJC_ISA_USAGE = YES_ERROR;
				CLANG_WARN_EMPTY_BODY = YES;
				CLANG_WARN_ENUM_CONVERSION = YES;
				CLANG_WARN_INT_CONVERSION = YES;
				CLANG_WARN_OBJC_ROOT_CLASS = YES_ERROR;
				CLANG_WARN_UNREACHABLE_CODE = YES;
				CLANG_WARN__DUPLICATE_METHOD_MATCH = YES;
				"CODE_SIGN_IDENTITY[sdk=iphoneos*]" = "iPhone Developer";
				COPY_PHASE_STRIP = NO;
				DEBUG_INFORMATION_FORMAT = "dwarf-with-dsym";
				ENABLE_NS_ASSERTIONS = NO;
				ENABLE_STRICT_OBJC_MSGSEND = YES;
				GCC_C_LANGUAGE_STANDARD = gnu99;
				GCC_NO_COMMON_BLOCKS = YES;
				GCC_WARN_64_TO_32_BIT_CONVERSION = YES;
				GCC_WARN_ABOUT_RETURN_TYPE = YES_ERROR;
				GCC_WARN_UNDECLARED_SELECTOR = YES;
				GCC_WARN_UNINITIALIZED_AUTOS = YES_AGGRESSIVE;
				GCC_WARN_UNUSED_FUNCTION = YES;
				GCC_WARN_UNUSED_VARIABLE = YES;
				IPHONEOS_DEPLOYMENT_TARGET = 9.2;
				MTL_ENABLE_DEBUG_INFO = NO;
				SDKROOT = iphoneos;
				VALIDATE_PRODUCT = YES;
			};
			name = Release;
		};
		B0D2340F1C8541EC00DF978D /* Debug */ = {
			isa = XCBuildConfiguration;
			buildSettings = {
				ASSETCATALOG_COMPILER_APPICON_NAME = AppIcon;
				INFOPLIST_FILE = APP/Info.plist;
				LD_RUNPATH_SEARCH_PATHS = "$(inherited) @executable_path/Frameworks";
				PRODUCT_BUNDLE_IDENTIFIER = HUB.APP;
				PRODUCT_NAME = "$(TARGET_NAME)";
			};
			name = Debug;
		};
		B0D234101C8541EC00DF978D /* Release */ = {
			isa = XCBuildConfiguration;
			buildSettings = {
				ASSETCATALOG_COMPILER_APPICON_NAME = AppIcon;
				INFOPLIST_FILE = APP/Info.plist;
				LD_RUNPATH_SEARCH_PATHS = "$(inherited) @executable_path/Frameworks";
				PRODUCT_BUNDLE_IDENTIFIER = HUB.APP;
				PRODUCT_NAME = "$(TARGET_NAME)";
			};
			name = Release;
		};
		B0D234121C8541EC00DF978D /* Debug */ = {
			isa = XCBuildConfiguration;
			buildSettings = {
				BUNDLE_LOADER = "$(TEST_HOST)";
				INFOPLIST_FILE = APPTests/Info.plist;
				LD_RUNPATH_SEARCH_PATHS = "$(inherited) @executable_path/Frameworks @loader_path/Frameworks";
				PRODUCT_BUNDLE_IDENTIFIER = HUB.APPTests;
				PRODUCT_NAME = "$(TARGET_NAME)";
				TEST_HOST = "$(BUILT_PRODUCTS_DIR)/APP.app/APP";
			};
			name = Debug;
		};
		B0D234131C8541EC00DF978D /* Release */ = {
			isa = XCBuildConfiguration;
			buildSettings = {
				BUNDLE_LOADER = "$(TEST_HOST)";
				INFOPLIST_FILE = APPTests/Info.plist;
				LD_RUNPATH_SEARCH_PATHS = "$(inherited) @executable_path/Frameworks @loader_path/Frameworks";
				PRODUCT_BUNDLE_IDENTIFIER = HUB.APPTests;
				PRODUCT_NAME = "$(TARGET_NAME)";
				TEST_HOST = "$(BUILT_PRODUCTS_DIR)/APP.app/APP";
			};
			name = Release;
		};
		B0D234151C8541EC00DF978D /* Debug */ = {
			isa = XCBuildConfiguration;
			buildSettings = {
				INFOPLIST_FILE = APPUITests/Info.plist;
				LD_RUNPATH_SEARCH_PATHS = "$(inherited) @executable_path/Frameworks @loader_path/Frameworks";
				PRODUCT_BUNDLE_IDENTIFIER = HUB.APPUITests;
				PRODUCT_NAME = "$(TARGET_NAME)";
				TEST_TARGET_NAME = APP;
				USES_XCTRUNNER = YES;
			};
			name = Debug;
		};
		B0D234161C8541EC00DF978D /* Release */ = {
			isa = XCBuildConfiguration;
			buildSettings = {
				INFOPLIST_FILE = APPUITests/Info.plist;
				LD_RUNPATH_SEARCH_PATHS = "$(inherited) @executable_path/Frameworks @loader_path/Frameworks";
				PRODUCT_BUNDLE_IDENTIFIER = HUB.APPUITests;
				PRODUCT_NAME = "$(TARGET_NAME)";
				TEST_TARGET_NAME = APP;
				USES_XCTRUNNER = YES;
			};
			name = Release;
		};
/* End XCBuildConfiguration section */

/* Begin XCConfigurationList section */
		B0D233DE1C8541EB00DF978D /* Build configuration list for PBXProject "APP" */ = {
			isa = XCConfigurationList;
			buildConfigurations = (
				B0D2340C1C8541EC00DF978D /* Debug */,
				B0D2340D1C8541EC00DF978D /* Release */,
			);
			defaultConfigurationIsVisible = 0;
			defaultConfigurationName = Release;
		};
		B0D2340E1C8541EC00DF978D /* Build configuration list for PBXNativeTarget "APP" */ = {
			isa = XCConfigurationList;
			buildConfigurations = (
				B0D2340F1C8541EC00DF978D /* Debug */,
				B0D234101C8541EC00DF978D /* Release */,
			);
			defaultConfigurationIsVisible = 0;
		};
		B0D234111C8541EC00DF978D /* Build configuration list for PBXNativeTarget "APPTests" */ = {
			isa = XCConfigurationList;
			buildConfigurations = (
				B0D234121C8541EC00DF978D /* Debug */,
				B0D234131C8541EC00DF978D /* Release */,
			);
			defaultConfigurationIsVisible = 0;
		};
		B0D234141C8541EC00DF978D /* Build configuration list for PBXNativeTarget "APPUITests" */ = {
			isa = XCConfigurationList;
			buildConfigurations = (
				B0D234151C8541EC00DF978D /* Debug */,
				B0D234161C8541EC00DF978D /* Release */,
			);
			defaultConfigurationIsVisible = 0;
		};
/* End XCConfigurationList section */

/* Begin XCVersionGroup section */
		B0D233ED1C8541EC00DF978D /* APP.xcdatamodeld */ = {
			isa = XCVersionGroup;
			children = (
				B0D233EE1C8541EC00DF978D /* APP.xcdatamodel */,
			);
			currentVersion = B0D233EE1C8541EC00DF978D /* APP.xcdatamodel */;
			path = APP.xcdatamodeld;
			sourceTree = "<group>";
			versionGroupType = wrapper.xcdatamodel;
		};
/* End XCVersionGroup section */
	};
	rootObject = B0D233DB1C8541EB00DF978D /* Project object */;
}
